// !$*UTF8*$!
{
	archiveVersion = 1;
	classes = {
	};
	objectVersion = 50;
	objects = {

/* Begin PBXBuildFile section */
		0BF8CAADEED5612005B03A3C /* Pods_flix_demoTests.framework in Frameworks */ = {isa = PBXBuildFile; fileRef = 0F5D424E19100F923A967443 /* Pods_flix_demoTests.framework */; };
		9A150EA72240CACFD549CF6B /* Pods_flix_demo.framework in Frameworks */ = {isa = PBXBuildFile; fileRef = F1796474872B83653F3FB388 /* Pods_flix_demo.framework */; };
		A3794ED6214897B0003307E7 /* AppDelegate.swift in Sources */ = {isa = PBXBuildFile; fileRef = A3794ED5214897B0003307E7 /* AppDelegate.swift */; };
		A3794EDB214897B0003307E7 /* Main.storyboard in Resources */ = {isa = PBXBuildFile; fileRef = A3794ED9214897B0003307E7 /* Main.storyboard */; };
		A3794EDD214897B1003307E7 /* Assets.xcassets in Resources */ = {isa = PBXBuildFile; fileRef = A3794EDC214897B1003307E7 /* Assets.xcassets */; };
		A3794EE0214897B1003307E7 /* LaunchScreen.storyboard in Resources */ = {isa = PBXBuildFile; fileRef = A3794EDE214897B1003307E7 /* LaunchScreen.storyboard */; };
		A3794EEB214897B1003307E7 /* flix_demoTests.swift in Sources */ = {isa = PBXBuildFile; fileRef = A3794EEA214897B1003307E7 /* flix_demoTests.swift */; };
		A3794EF6214897B1003307E7 /* flix_demoUITests.swift in Sources */ = {isa = PBXBuildFile; fileRef = A3794EF5214897B1003307E7 /* flix_demoUITests.swift */; };
		A3794F042149B1E3003307E7 /* Nowplayingviewcontroller.swift in Sources */ = {isa = PBXBuildFile; fileRef = A3794F032149B1E3003307E7 /* Nowplayingviewcontroller.swift */; };
		A3794F08214C47BF003307E7 /* MovieCell.swift in Sources */ = {isa = PBXBuildFile; fileRef = A3794F07214C47BF003307E7 /* MovieCell.swift */; };
		A384334721646A7A00267FFB /* PosterCell.swift in Sources */ = {isa = PBXBuildFile; fileRef = A384334621646A7A00267FFB /* PosterCell.swift */; };
		A384334921646B3C00267FFB /* SuperheroViewControlled.swift in Sources */ = {isa = PBXBuildFile; fileRef = A384334821646B3C00267FFB /* SuperheroViewControlled.swift */; };
		E55ABFD9C2025EA6F9809A07 /* Pods_flix_demoUITests.framework in Frameworks */ = {isa = PBXBuildFile; fileRef = D924A8142A331BA90E98A741 /* Pods_flix_demoUITests.framework */; };
/* End PBXBuildFile section */

/* Begin PBXContainerItemProxy section */
		A3794EE7214897B1003307E7 /* PBXContainerItemProxy */ = {
			isa = PBXContainerItemProxy;
			containerPortal = A3794ECA214897B0003307E7 /* Project object */;
			proxyType = 1;
			remoteGlobalIDString = A3794ED1214897B0003307E7;
			remoteInfo = flix_demo;
		};
		A3794EF2214897B1003307E7 /* PBXContainerItemProxy */ = {
			isa = PBXContainerItemProxy;
			containerPortal = A3794ECA214897B0003307E7 /* Project object */;
			proxyType = 1;
			remoteGlobalIDString = A3794ED1214897B0003307E7;
			remoteInfo = flix_demo;
		};
/* End PBXContainerItemProxy section */

/* Begin PBXFileReference section */
		0F5D424E19100F923A967443 /* Pods_flix_demoTests.framework */ = {isa = PBXFileReference; explicitFileType = wrapper.framework; includeInIndex = 0; path = Pods_flix_demoTests.framework; sourceTree = BUILT_PRODUCTS_DIR; };
		5ED9DCFAFDDDA7A591F77705 /* Pods-flix_demo.debug.xcconfig */ = {isa = PBXFileReference; includeInIndex = 1; lastKnownFileType = text.xcconfig; name = "Pods-flix_demo.debug.xcconfig"; path = "Pods/Target Support Files/Pods-flix_demo/Pods-flix_demo.debug.xcconfig"; sourceTree = "<group>"; };
		79819799FE3D505F854F4CA6 /* Pods-flix_demoTests.release.xcconfig */ = {isa = PBXFileReference; includeInIndex = 1; lastKnownFileType = text.xcconfig; name = "Pods-flix_demoTests.release.xcconfig"; path = "Pods/Target Support Files/Pods-flix_demoTests/Pods-flix_demoTests.release.xcconfig"; sourceTree = "<group>"; };
		A22948F38D2A9C1776352387 /* Pods-flix_demoUITests.debug.xcconfig */ = {isa = PBXFileReference; includeInIndex = 1; lastKnownFileType = text.xcconfig; name = "Pods-flix_demoUITests.debug.xcconfig"; path = "Pods/Target Support Files/Pods-flix_demoUITests/Pods-flix_demoUITests.debug.xcconfig"; sourceTree = "<group>"; };
		A3794ED2214897B0003307E7 /* flix_demo.app */ = {isa = PBXFileReference; explicitFileType = wrapper.application; includeInIndex = 0; path = flix_demo.app; sourceTree = BUILT_PRODUCTS_DIR; };
		A3794ED5214897B0003307E7 /* AppDelegate.swift */ = {isa = PBXFileReference; lastKnownFileType = sourcecode.swift; path = AppDelegate.swift; sourceTree = "<group>"; };
		A3794EDA214897B0003307E7 /* Base */ = {isa = PBXFileReference; lastKnownFileType = file.storyboard; name = Base; path = Base.lproj/Main.storyboard; sourceTree = "<group>"; };
		A3794EDC214897B1003307E7 /* Assets.xcassets */ = {isa = PBXFileReference; lastKnownFileType = folder.assetcatalog; path = Assets.xcassets; sourceTree = "<group>"; };
		A3794EDF214897B1003307E7 /* Base */ = {isa = PBXFileReference; lastKnownFileType = file.storyboard; name = Base; path = Base.lproj/LaunchScreen.storyboard; sourceTree = "<group>"; };
		A3794EE1214897B1003307E7 /* Info.plist */ = {isa = PBXFileReference; lastKnownFileType = text.plist.xml; path = Info.plist; sourceTree = "<group>"; };
		A3794EE6214897B1003307E7 /* flix_demoTests.xctest */ = {isa = PBXFileReference; explicitFileType = wrapper.cfbundle; includeInIndex = 0; path = flix_demoTests.xctest; sourceTree = BUILT_PRODUCTS_DIR; };
		A3794EEA214897B1003307E7 /* flix_demoTests.swift */ = {isa = PBXFileReference; lastKnownFileType = sourcecode.swift; path = flix_demoTests.swift; sourceTree = "<group>"; };
		A3794EEC214897B1003307E7 /* Info.plist */ = {isa = PBXFileReference; lastKnownFileType = text.plist.xml; path = Info.plist; sourceTree = "<group>"; };
		A3794EF1214897B1003307E7 /* flix_demoUITests.xctest */ = {isa = PBXFileReference; explicitFileType = wrapper.cfbundle; includeInIndex = 0; path = flix_demoUITests.xctest; sourceTree = BUILT_PRODUCTS_DIR; };
		A3794EF5214897B1003307E7 /* flix_demoUITests.swift */ = {isa = PBXFileReference; lastKnownFileType = sourcecode.swift; path = flix_demoUITests.swift; sourceTree = "<group>"; };
		A3794EF7214897B1003307E7 /* Info.plist */ = {isa = PBXFileReference; lastKnownFileType = text.plist.xml; path = Info.plist; sourceTree = "<group>"; };
		A3794F032149B1E3003307E7 /* Nowplayingviewcontroller.swift */ = {isa = PBXFileReference; lastKnownFileType = sourcecode.swift; path = Nowplayingviewcontroller.swift; sourceTree = "<group>"; };
		A3794F07214C47BF003307E7 /* MovieCell.swift */ = {isa = PBXFileReference; lastKnownFileType = sourcecode.swift; path = MovieCell.swift; sourceTree = "<group>"; };
		A384334621646A7A00267FFB /* PosterCell.swift */ = {isa = PBXFileReference; lastKnownFileType = sourcecode.swift; path = PosterCell.swift; sourceTree = "<group>"; };
		A384334821646B3C00267FFB /* SuperheroViewControlled.swift */ = {isa = PBXFileReference; lastKnownFileType = sourcecode.swift; path = SuperheroViewControlled.swift; sourceTree = "<group>"; };
		CC004AAD1AD70EB5E744EAFD /* Pods-flix_demoUITests.release.xcconfig */ = {isa = PBXFileReference; includeInIndex = 1; lastKnownFileType = text.xcconfig; name = "Pods-flix_demoUITests.release.xcconfig"; path = "Pods/Target Support Files/Pods-flix_demoUITests/Pods-flix_demoUITests.release.xcconfig"; sourceTree = "<group>"; };
		D7B3ACEAD9D73B80E782AA39 /* Pods-flix_demoTests.debug.xcconfig */ = {isa = PBXFileReference; includeInIndex = 1; lastKnownFileType = text.xcconfig; name = "Pods-flix_demoTests.debug.xcconfig"; path = "Pods/Target Support Files/Pods-flix_demoTests/Pods-flix_demoTests.debug.xcconfig"; sourceTree = "<group>"; };
		D924A8142A331BA90E98A741 /* Pods_flix_demoUITests.framework */ = {isa = PBXFileReference; explicitFileType = wrapper.framework; includeInIndex = 0; path = Pods_flix_demoUITests.framework; sourceTree = BUILT_PRODUCTS_DIR; };
		E16EC252236FABFF153B96C3 /* Pods-flix_demo.release.xcconfig */ = {isa = PBXFileReference; includeInIndex = 1; lastKnownFileType = text.xcconfig; name = "Pods-flix_demo.release.xcconfig"; path = "Pods/Target Support Files/Pods-flix_demo/Pods-flix_demo.release.xcconfig"; sourceTree = "<group>"; };
		F1796474872B83653F3FB388 /* Pods_flix_demo.framework */ = {isa = PBXFileReference; explicitFileType = wrapper.framework; includeInIndex = 0; path = Pods_flix_demo.framework; sourceTree = BUILT_PRODUCTS_DIR; };
/* End PBXFileReference section */

/* Begin PBXFrameworksBuildPhase section */
		A3794ECF214897B0003307E7 /* Frameworks */ = {
			isa = PBXFrameworksBuildPhase;
			buildActionMask = 2147483647;
			files = (
				9A150EA72240CACFD549CF6B /* Pods_flix_demo.framework in Frameworks */,
			);
			runOnlyForDeploymentPostprocessing = 0;
		};
		A3794EE3214897B1003307E7 /* Frameworks */ = {
			isa = PBXFrameworksBuildPhase;
			buildActionMask = 2147483647;
			files = (
				0BF8CAADEED5612005B03A3C /* Pods_flix_demoTests.framework in Frameworks */,
			);
			runOnlyForDeploymentPostprocessing = 0;
		};
		A3794EEE214897B1003307E7 /* Frameworks */ = {
			isa = PBXFrameworksBuildPhase;
			buildActionMask = 2147483647;
			files = (
				E55ABFD9C2025EA6F9809A07 /* Pods_flix_demoUITests.framework in Frameworks */,
			);
			runOnlyForDeploymentPostprocessing = 0;
		};
/* End PBXFrameworksBuildPhase section */

/* Begin PBXGroup section */
		A3794EC9214897B0003307E7 = {
			isa = PBXGroup;
			children = (
				A3794ED4214897B0003307E7 /* flix_demo */,
				A3794EE9214897B1003307E7 /* flix_demoTests */,
				A3794EF4214897B1003307E7 /* flix_demoUITests */,
				A3794ED3214897B0003307E7 /* Products */,
				F27730BB1813B4EFBBF84A9A /* Pods */,
				C25B4300634529C51AAC9B84 /* Frameworks */,
			);
			sourceTree = "<group>";
		};
		A3794ED3214897B0003307E7 /* Products */ = {
			isa = PBXGroup;
			children = (
				A3794ED2214897B0003307E7 /* flix_demo.app */,
				A3794EE6214897B1003307E7 /* flix_demoTests.xctest */,
				A3794EF1214897B1003307E7 /* flix_demoUITests.xctest */,
			);
			name = Products;
			sourceTree = "<group>";
		};
		A3794ED4214897B0003307E7 /* flix_demo */ = {
			isa = PBXGroup;
			children = (
				A3794F032149B1E3003307E7 /* Nowplayingviewcontroller.swift */,
				A3794ED5214897B0003307E7 /* AppDelegate.swift */,
				A3794EDC214897B1003307E7 /* Assets.xcassets */,
				A3794EDE214897B1003307E7 /* LaunchScreen.storyboard */,
				A3794EE1214897B1003307E7 /* Info.plist */,
				A3794F07214C47BF003307E7 /* MovieCell.swift */,
				A3794ED9214897B0003307E7 /* Main.storyboard */,
				A384334621646A7A00267FFB /* PosterCell.swift */,
				A384334821646B3C00267FFB /* SuperheroViewControlled.swift */,
			);
			path = flix_demo;
			sourceTree = "<group>";
		};
		A3794EE9214897B1003307E7 /* flix_demoTests */ = {
			isa = PBXGroup;
			children = (
				A3794EEA214897B1003307E7 /* flix_demoTests.swift */,
				A3794EEC214897B1003307E7 /* Info.plist */,
			);
			path = flix_demoTests;
			sourceTree = "<group>";
		};
		A3794EF4214897B1003307E7 /* flix_demoUITests */ = {
			isa = PBXGroup;
			children = (
				A3794EF5214897B1003307E7 /* flix_demoUITests.swift */,
				A3794EF7214897B1003307E7 /* Info.plist */,
			);
			path = flix_demoUITests;
			sourceTree = "<group>";
		};
		C25B4300634529C51AAC9B84 /* Frameworks */ = {
			isa = PBXGroup;
			children = (
				F1796474872B83653F3FB388 /* Pods_flix_demo.framework */,
				0F5D424E19100F923A967443 /* Pods_flix_demoTests.framework */,
				D924A8142A331BA90E98A741 /* Pods_flix_demoUITests.framework */,
			);
			name = Frameworks;
			sourceTree = "<group>";
		};
		F27730BB1813B4EFBBF84A9A /* Pods */ = {
			isa = PBXGroup;
			children = (
				5ED9DCFAFDDDA7A591F77705 /* Pods-flix_demo.debug.xcconfig */,
				E16EC252236FABFF153B96C3 /* Pods-flix_demo.release.xcconfig */,
				D7B3ACEAD9D73B80E782AA39 /* Pods-flix_demoTests.debug.xcconfig */,
				79819799FE3D505F854F4CA6 /* Pods-flix_demoTests.release.xcconfig */,
				A22948F38D2A9C1776352387 /* Pods-flix_demoUITests.debug.xcconfig */,
				CC004AAD1AD70EB5E744EAFD /* Pods-flix_demoUITests.release.xcconfig */,
			);
			name = Pods;
			sourceTree = "<group>";
		};
/* End PBXGroup section */

/* Begin PBXNativeTarget section */
		A3794ED1214897B0003307E7 /* flix_demo */ = {
			isa = PBXNativeTarget;
			buildConfigurationList = A3794EFA214897B1003307E7 /* Build configuration list for PBXNativeTarget "flix_demo" */;
			buildPhases = (
				B0A3F3473FA5946D21B2E519 /* [CP] Check Pods Manifest.lock */,
				A3794ECE214897B0003307E7 /* Sources */,
				A3794ECF214897B0003307E7 /* Frameworks */,
				A3794ED0214897B0003307E7 /* Resources */,
				DE8B6C545D3C6B7C3DDD8E19 /* [CP] Embed Pods Frameworks */,
			);
			buildRules = (
			);
			dependencies = (
			);
			name = flix_demo;
			productName = flix_demo;
			productReference = A3794ED2214897B0003307E7 /* flix_demo.app */;
			productType = "com.apple.product-type.application";
		};
		A3794EE5214897B1003307E7 /* flix_demoTests */ = {
			isa = PBXNativeTarget;
			buildConfigurationList = A3794EFD214897B1003307E7 /* Build configuration list for PBXNativeTarget "flix_demoTests" */;
			buildPhases = (
				9A67A1ECFC57A1DB15A5DB73 /* [CP] Check Pods Manifest.lock */,
				A3794EE2214897B1003307E7 /* Sources */,
				A3794EE3214897B1003307E7 /* Frameworks */,
				A3794EE4214897B1003307E7 /* Resources */,
			);
			buildRules = (
			);
			dependencies = (
				A3794EE8214897B1003307E7 /* PBXTargetDependency */,
			);
			name = flix_demoTests;
			productName = flix_demoTests;
			productReference = A3794EE6214897B1003307E7 /* flix_demoTests.xctest */;
			productType = "com.apple.product-type.bundle.unit-test";
		};
		A3794EF0214897B1003307E7 /* flix_demoUITests */ = {
			isa = PBXNativeTarget;
			buildConfigurationList = A3794F00214897B1003307E7 /* Build configuration list for PBXNativeTarget "flix_demoUITests" */;
			buildPhases = (
				A1D3FE0F91A9DB301468BBA0 /* [CP] Check Pods Manifest.lock */,
				A3794EED214897B1003307E7 /* Sources */,
				A3794EEE214897B1003307E7 /* Frameworks */,
				A3794EEF214897B1003307E7 /* Resources */,
			);
			buildRules = (
			);
			dependencies = (
				A3794EF3214897B1003307E7 /* PBXTargetDependency */,
			);
			name = flix_demoUITests;
			productName = flix_demoUITests;
			productReference = A3794EF1214897B1003307E7 /* flix_demoUITests.xctest */;
			productType = "com.apple.product-type.bundle.ui-testing";
		};
/* End PBXNativeTarget section */

/* Begin PBXProject section */
		A3794ECA214897B0003307E7 /* Project object */ = {
			isa = PBXProject;
			attributes = {
				LastSwiftUpdateCheck = 0940;
				LastUpgradeCheck = 0940;
				ORGANIZATIONNAME = "Kiya Segni";
				TargetAttributes = {
					A3794ED1214897B0003307E7 = {
						CreatedOnToolsVersion = 9.4.1;
					};
					A3794EE5214897B1003307E7 = {
						CreatedOnToolsVersion = 9.4.1;
						TestTargetID = A3794ED1214897B0003307E7;
					};
					A3794EF0214897B1003307E7 = {
						CreatedOnToolsVersion = 9.4.1;
						TestTargetID = A3794ED1214897B0003307E7;
					};
				};
			};
			buildConfigurationList = A3794ECD214897B0003307E7 /* Build configuration list for PBXProject "flix_demo" */;
			compatibilityVersion = "Xcode 9.3";
			developmentRegion = en;
			hasScannedForEncodings = 0;
			knownRegions = (
				en,
				Base,
			);
			mainGroup = A3794EC9214897B0003307E7;
			productRefGroup = A3794ED3214897B0003307E7 /* Products */;
			projectDirPath = "";
			projectRoot = "";
			targets = (
				A3794ED1214897B0003307E7 /* flix_demo */,
				A3794EE5214897B1003307E7 /* flix_demoTests */,
				A3794EF0214897B1003307E7 /* flix_demoUITests */,
			);
		};
/* End PBXProject section */

/* Begin PBXResourcesBuildPhase section */
		A3794ED0214897B0003307E7 /* Resources */ = {
			isa = PBXResourcesBuildPhase;
			buildActionMask = 2147483647;
			files = (
				A3794EE0214897B1003307E7 /* LaunchScreen.storyboard in Resources */,
				A3794EDD214897B1003307E7 /* Assets.xcassets in Resources */,
				A3794EDB214897B0003307E7 /* Main.storyboard in Resources */,
			);
			runOnlyForDeploymentPostprocessing = 0;
		};
		A3794EE4214897B1003307E7 /* Resources */ = {
			isa = PBXResourcesBuildPhase;
			buildActionMask = 2147483647;
			files = (
			);
			runOnlyForDeploymentPostprocessing = 0;
		};
		A3794EEF214897B1003307E7 /* Resources */ = {
			isa = PBXResourcesBuildPhase;
			buildActionMask = 2147483647;
			files = (
			);
			runOnlyForDeploymentPostprocessing = 0;
		};
/* End PBXResourcesBuildPhase section */

/* Begin PBXShellScriptBuildPhase section */
		9A67A1ECFC57A1DB15A5DB73 /* [CP] Check Pods Manifest.lock */ = {
			isa = PBXShellScriptBuildPhase;
			buildActionMask = 2147483647;
			files = (
			);
			inputPaths = (
				"${PODS_PODFILE_DIR_PATH}/Podfile.lock",
				"${PODS_ROOT}/Manifest.lock",
			);
			name = "[CP] Check Pods Manifest.lock";
			outputPaths = (
				"$(DERIVED_FILE_DIR)/Pods-flix_demoTests-checkManifestLockResult.txt",
			);
			runOnlyForDeploymentPostprocessing = 0;
			shellPath = /bin/sh;
			shellScript = "diff \"${PODS_PODFILE_DIR_PATH}/Podfile.lock\" \"${PODS_ROOT}/Manifest.lock\" > /dev/null\nif [ $? != 0 ] ; then\n    # print error to STDERR\n    echo \"error: The sandbox is not in sync with the Podfile.lock. Run 'pod install' or update your CocoaPods installation.\" >&2\n    exit 1\nfi\n# This output is used by Xcode 'outputs' to avoid re-running this script phase.\necho \"SUCCESS\" > \"${SCRIPT_OUTPUT_FILE_0}\"\n";
			showEnvVarsInLog = 0;
		};
		A1D3FE0F91A9DB301468BBA0 /* [CP] Check Pods Manifest.lock */ = {
			isa = PBXShellScriptBuildPhase;
			buildActionMask = 2147483647;
			files = (
			);
			inputPaths = (
				"${PODS_PODFILE_DIR_PATH}/Podfile.lock",
				"${PODS_ROOT}/Manifest.lock",
			);
			name = "[CP] Check Pods Manifest.lock";
			outputPaths = (
				"$(DERIVED_FILE_DIR)/Pods-flix_demoUITests-checkManifestLockResult.txt",
			);
			runOnlyForDeploymentPostprocessing = 0;
			shellPath = /bin/sh;
			shellScript = "diff \"${PODS_PODFILE_DIR_PATH}/Podfile.lock\" \"${PODS_ROOT}/Manifest.lock\" > /dev/null\nif [ $? != 0 ] ; then\n    # print error to STDERR\n    echo \"error: The sandbox is not in sync with the Podfile.lock. Run 'pod install' or update your CocoaPods installation.\" >&2\n    exit 1\nfi\n# This output is used by Xcode 'outputs' to avoid re-running this script phase.\necho \"SUCCESS\" > \"${SCRIPT_OUTPUT_FILE_0}\"\n";
			showEnvVarsInLog = 0;
		};
		B0A3F3473FA5946D21B2E519 /* [CP] Check Pods Manifest.lock */ = {
			isa = PBXShellScriptBuildPhase;
			buildActionMask = 2147483647;
			files = (
			);
			inputPaths = (
				"${PODS_PODFILE_DIR_PATH}/Podfile.lock",
				"${PODS_ROOT}/Manifest.lock",
			);
			name = "[CP] Check Pods Manifest.lock";
			outputPaths = (
				"$(DERIVED_FILE_DIR)/Pods-flix_demo-checkManifestLockResult.txt",
			);
			runOnlyForDeploymentPostprocessing = 0;
			shellPath = /bin/sh;
			shellScript = "diff \"${PODS_PODFILE_DIR_PATH}/Podfile.lock\" \"${PODS_ROOT}/Manifest.lock\" > /dev/null\nif [ $? != 0 ] ; then\n    # print error to STDERR\n    echo \"error: The sandbox is not in sync with the Podfile.lock. Run 'pod install' or update your CocoaPods installation.\" >&2\n    exit 1\nfi\n# This output is used by Xcode 'outputs' to avoid re-running this script phase.\necho \"SUCCESS\" > \"${SCRIPT_OUTPUT_FILE_0}\"\n";
			showEnvVarsInLog = 0;
		};
		DE8B6C545D3C6B7C3DDD8E19 /* [CP] Embed Pods Frameworks */ = {
			isa = PBXShellScriptBuildPhase;
			buildActionMask = 2147483647;
			files = (
			);
			inputPaths = (
				"${SRCROOT}/Pods/Target Support Files/Pods-flix_demo/Pods-flix_demo-frameworks.sh",
				"${BUILT_PRODUCTS_DIR}/Alamofire/Alamofire.framework",
				"${BUILT_PRODUCTS_DIR}/AlamofireImage/AlamofireImage.framework",
			);
			name = "[CP] Embed Pods Frameworks";
			outputPaths = (
				"${TARGET_BUILD_DIR}/${FRAMEWORKS_FOLDER_PATH}/Alamofire.framework",
				"${TARGET_BUILD_DIR}/${FRAMEWORKS_FOLDER_PATH}/AlamofireImage.framework",
			);
			runOnlyForDeploymentPostprocessing = 0;
			shellPath = /bin/sh;
			shellScript = "\"${SRCROOT}/Pods/Target Support Files/Pods-flix_demo/Pods-flix_demo-frameworks.sh\"\n";
			showEnvVarsInLog = 0;
		};
/* End PBXShellScriptBuildPhase section */

/* Begin PBXSourcesBuildPhase section */
		A3794ECE214897B0003307E7 /* Sources */ = {
			isa = PBXSourcesBuildPhase;
			buildActionMask = 2147483647;
			files = (
				A384334721646A7A00267FFB /* PosterCell.swift in Sources */,
				A3794F042149B1E3003307E7 /* Nowplayingviewcontroller.swift in Sources */,
				A384334921646B3C00267FFB /* SuperheroViewControlled.swift in Sources */,
				A3794ED6214897B0003307E7 /* AppDelegate.swift in Sources */,
				A3794F08214C47BF003307E7 /* MovieCell.swift in Sources */,
			);
			runOnlyForDeploymentPostprocessing = 0;
		};
		A3794EE2214897B1003307E7 /* Sources */ = {
			isa = PBXSourcesBuildPhase;
			buildActionMask = 2147483647;
			files = (
				A3794EEB214897B1003307E7 /* flix_demoTests.swift in Sources */,
			);
			runOnlyForDeploymentPostprocessing = 0;
		};
		A3794EED214897B1003307E7 /* Sources */ = {
			isa = PBXSourcesBuildPhase;
			buildActionMask = 2147483647;
			files = (
				A3794EF6214897B1003307E7 /* flix_demoUITests.swift in Sources */,
			);
			runOnlyForDeploymentPostprocessing = 0;
		};
/* End PBXSourcesBuildPhase section */

/* Begin PBXTargetDependency section */
		A3794EE8214897B1003307E7 /* PBXTargetDependency */ = {
			isa = PBXTargetDependency;
			target = A3794ED1214897B0003307E7 /* flix_demo */;
			targetProxy = A3794EE7214897B1003307E7 /* PBXContainerItemProxy */;
		};
		A3794EF3214897B1003307E7 /* PBXTargetDependency */ = {
			isa = PBXTargetDependency;
			target = A3794ED1214897B0003307E7 /* flix_demo */;
			targetProxy = A3794EF2214897B1003307E7 /* PBXContainerItemProxy */;
		};
/* End PBXTargetDependency section */

/* Begin PBXVariantGroup section */
		A3794ED9214897B0003307E7 /* Main.storyboard */ = {
			isa = PBXVariantGroup;
			children = (
				A3794EDA214897B0003307E7 /* Base */,
			);
			name = Main.storyboard;
			sourceTree = "<group>";
		};
		A3794EDE214897B1003307E7 /* LaunchScreen.storyboard */ = {
			isa = PBXVariantGroup;
			children = (
				A3794EDF214897B1003307E7 /* Base */,
			);
			name = LaunchScreen.storyboard;
			sourceTree = "<group>";
		};
/* End PBXVariantGroup section */

/* Begin XCBuildConfiguration section */
		A3794EF8214897B1003307E7 /* Debug */ = {
			isa = XCBuildConfiguration;
			buildSettings = {
				ALWAYS_SEARCH_USER_PATHS = NO;
				CLANG_ANALYZER_NONNULL = YES;
				CLANG_ANALYZER_NUMBER_OBJECT_CONVERSION = YES_AGGRESSIVE;
				CLANG_CXX_LANGUAGE_STANDARD = "gnu++14";
				CLANG_CXX_LIBRARY = "libc++";
				CLANG_ENABLE_MODULES = YES;
				CLANG_ENABLE_OBJC_ARC = YES;
				CLANG_ENABLE_OBJC_WEAK = YES;
				CLANG_WARN_BLOCK_CAPTURE_AUTORELEASING = YES;
				CLANG_WARN_BOOL_CONVERSION = YES;
				CLANG_WARN_COMMA = YES;
				CLANG_WARN_CONSTANT_CONVERSION = YES;
				CLANG_WARN_DEPRECATED_OBJC_IMPLEMENTATIONS = YES;
				CLANG_WARN_DIRECT_OBJC_ISA_USAGE = YES_ERROR;
				CLANG_WARN_DOCUMENTATION_COMMENTS = YES;
				CLANG_WARN_EMPTY_BODY = YES;
				CLANG_WARN_ENUM_CONVERSION = YES;
				CLANG_WARN_INFINITE_RECURSION = YES;
				CLANG_WARN_INT_CONVERSION = YES;
				CLANG_WARN_NON_LITERAL_NULL_CONVERSION = YES;
				CLANG_WARN_OBJC_IMPLICIT_RETAIN_SELF = YES;
				CLANG_WARN_OBJC_LITERAL_CONVERSION = YES;
				CLANG_WARN_OBJC_ROOT_CLASS = YES_ERROR;
				CLANG_WARN_RANGE_LOOP_ANALYSIS = YES;
				CLANG_WARN_STRICT_PROTOTYPES = YES;
				CLANG_WARN_SUSPICIOUS_MOVE = YES;
				CLANG_WARN_UNGUARDED_AVAILABILITY = YES_AGGRESSIVE;
				CLANG_WARN_UNREACHABLE_CODE = YES;
				CLANG_WARN__DUPLICATE_METHOD_MATCH = YES;
				CODE_SIGN_IDENTITY = "iPhone Developer";
				COPY_PHASE_STRIP = NO;
				DEBUG_INFORMATION_FORMAT = dwarf;
				ENABLE_STRICT_OBJC_MSGSEND = YES;
				ENABLE_TESTABILITY = YES;
				GCC_C_LANGUAGE_STANDARD = gnu11;
				GCC_DYNAMIC_NO_PIC = NO;
				GCC_NO_COMMON_BLOCKS = YES;
				GCC_OPTIMIZATION_LEVEL = 0;
				GCC_PREPROCESSOR_DEFINITIONS = (
					"DEBUG=1",
					"$(inherited)",
				);
				GCC_WARN_64_TO_32_BIT_CONVERSION = YES;
				GCC_WARN_ABOUT_RETURN_TYPE = YES_ERROR;
				GCC_WARN_UNDECLARED_SELECTOR = YES;
				GCC_WARN_UNINITIALIZED_AUTOS = YES_AGGRESSIVE;
				GCC_WARN_UNUSED_FUNCTION = YES;
				GCC_WARN_UNUSED_VARIABLE = YES;
				IPHONEOS_DEPLOYMENT_TARGET = 11.4;
				MTL_ENABLE_DEBUG_INFO = YES;
				ONLY_ACTIVE_ARCH = YES;
				SDKROOT = iphoneos;
				SWIFT_ACTIVE_COMPILATION_CONDITIONS = DEBUG;
				SWIFT_OPTIMIZATION_LEVEL = "-Onone";
			};
			name = Debug;
		};
		A3794EF9214897B1003307E7 /* Release */ = {
			isa = XCBuildConfiguration;
			buildSettings = {
				ALWAYS_SEARCH_USER_PATHS = NO;
				CLANG_ANALYZER_NONNULL = YES;
				CLANG_ANALYZER_NUMBER_OBJECT_CONVERSION = YES_AGGRESSIVE;
				CLANG_CXX_LANGUAGE_STANDARD = "gnu++14";
				CLANG_CXX_LIBRARY = "libc++";
				CLANG_ENABLE_MODULES = YES;
				CLANG_ENABLE_OBJC_ARC = YES;
				CLANG_ENABLE_OBJC_WEAK = YES;
				CLANG_WARN_BLOCK_CAPTURE_AUTORELEASING = YES;
				CLANG_WARN_BOOL_CONVERSION = YES;
				CLANG_WARN_COMMA = YES;
				CLANG_WARN_CONSTANT_CONVERSION = YES;
				CLANG_WARN_DEPRECATED_OBJC_IMPLEMENTATIONS = YES;
				CLANG_WARN_DIRECT_OBJC_ISA_USAGE = YES_ERROR;
				CLANG_WARN_DOCUMENTATION_COMMENTS = YES;
				CLANG_WARN_EMPTY_BODY = YES;
				CLANG_WARN_ENUM_CONVERSION = YES;
				CLANG_WARN_INFINITE_RECURSION = YES;
				CLANG_WARN_INT_CONVERSION = YES;
				CLANG_WARN_NON_LITERAL_NULL_CONVERSION = YES;
				CLANG_WARN_OBJC_IMPLICIT_RETAIN_SELF = YES;
				CLANG_WARN_OBJC_LITERAL_CONVERSION = YES;
				CLANG_WARN_OBJC_ROOT_CLASS = YES_ERROR;
				CLANG_WARN_RANGE_LOOP_ANALYSIS = YES;
				CLANG_WARN_STRICT_PROTOTYPES = YES;
				CLANG_WARN_SUSPICIOUS_MOVE = YES;
				CLANG_WARN_UNGUARDED_AVAILABILITY = YES_AGGRESSIVE;
				CLANG_WARN_UNREACHABLE_CODE = YES;
				CLANG_WARN__DUPLICATE_METHOD_MATCH = YES;
				CODE_SIGN_IDENTITY = "iPhone Developer";
				COPY_PHASE_STRIP = NO;
				DEBUG_INFORMATION_FORMAT = "dwarf-with-dsym";
				ENABLE_NS_ASSERTIONS = NO;
				ENABLE_STRICT_OBJC_MSGSEND = YES;
				GCC_C_LANGUAGE_STANDARD = gnu11;
				GCC_NO_COMMON_BLOCKS = YES;
				GCC_WARN_64_TO_32_BIT_CONVERSION = YES;
				GCC_WARN_ABOUT_RETURN_TYPE = YES_ERROR;
				GCC_WARN_UNDECLARED_SELECTOR = YES;
				GCC_WARN_UNINITIALIZED_AUTOS = YES_AGGRESSIVE;
				GCC_WARN_UNUSED_FUNCTION = YES;
				GCC_WARN_UNUSED_VARIABLE = YES;
				IPHONEOS_DEPLOYMENT_TARGET = 11.4;
				MTL_ENABLE_DEBUG_INFO = NO;
				SDKROOT = iphoneos;
				SWIFT_COMPILATION_MODE = wholemodule;
				SWIFT_OPTIMIZATION_LEVEL = "-O";
				VALIDATE_PRODUCT = YES;
			};
			name = Release;
		};
		A3794EFB214897B1003307E7 /* Debug */ = {
			isa = XCBuildConfiguration;
			baseConfigurationReference = 5ED9DCFAFDDDA7A591F77705 /* Pods-flix_demo.debug.xcconfig */;
			buildSettings = {
				ASSETCATALOG_COMPILER_APPICON_NAME = AppIcon;
				CODE_SIGN_IDENTITY = "iPhone Developer";
				"CODE_SIGN_IDENTITY[sdk=*]" = "iPhone Developer";
				CODE_SIGN_STYLE = Automatic;
				INFOPLIST_FILE = flix_demo/Info.plist;
				LD_RUNPATH_SEARCH_PATHS = (
					"$(inherited)",
					"@executable_path/Frameworks",
				);
				PRODUCT_BUNDLE_IDENTIFIER = "CIBL.flix-demo";
				PRODUCT_NAME = "$(TARGET_NAME)";
				SWIFT_VERSION = 4.0;
				TARGETED_DEVICE_FAMILY = "1,2";
			};
			name = Debug;
		};
		A3794EFC214897B1003307E7 /* Release */ = {
			isa = XCBuildConfiguration;
			baseConfigurationReference = E16EC252236FABFF153B96C3 /* Pods-flix_demo.release.xcconfig */;
			buildSettings = {
				ASSETCATALOG_COMPILER_APPICON_NAME = AppIcon;
				"CODE_SIGN_IDENTITY[sdk=*]" = "iPhone Developer";
				CODE_SIGN_STYLE = Automatic;
				INFOPLIST_FILE = flix_demo/Info.plist;
				LD_RUNPATH_SEARCH_PATHS = (
					"$(inherited)",
					"@executable_path/Frameworks",
				);
				PRODUCT_BUNDLE_IDENTIFIER = "CIBL.flix-demo";
				PRODUCT_NAME = "$(TARGET_NAME)";
				SWIFT_VERSION = 4.0;
				TARGETED_DEVICE_FAMILY = "1,2";
			};
			name = Release;
		};
		A3794EFE214897B1003307E7 /* Debug */ = {
			isa = XCBuildConfiguration;
			baseConfigurationReference = D7B3ACEAD9D73B80E782AA39 /* Pods-flix_demoTests.debug.xcconfig */;
			buildSettings = {
				ALWAYS_EMBED_SWIFT_STANDARD_LIBRARIES = YES;
				BUNDLE_LOADER = "$(TEST_HOST)";
				CODE_SIGN_STYLE = Automatic;
				INFOPLIST_FILE = flix_demoTests/Info.plist;
				LD_RUNPATH_SEARCH_PATHS = (
					"$(inherited)",
					"@executable_path/Frameworks",
					"@loader_path/Frameworks",
				);
				PRODUCT_BUNDLE_IDENTIFIER = "CIBL.flix-demoTests";
				PRODUCT_NAME = "$(TARGET_NAME)";
				SWIFT_VERSION = 4.0;
				TARGETED_DEVICE_FAMILY = "1,2";
				TEST_HOST = "$(BUILT_PRODUCTS_DIR)/flix_demo.app/flix_demo";
			};
			name = Debug;
		};
		A3794EFF214897B1003307E7 /* Release */ = {
			isa = XCBuildConfiguration;
			baseConfigurationReference = 79819799FE3D505F854F4CA6 /* Pods-flix_demoTests.release.xcconfig */;
			buildSettings = {
				ALWAYS_EMBED_SWIFT_STANDARD_LIBRARIES = YES;
				BUNDLE_LOADER = "$(TEST_HOST)";
				CODE_SIGN_STYLE = Automatic;
				INFOPLIST_FILE = flix_demoTests/Info.plist;
				LD_RUNPATH_SEARCH_PATHS = (
					"$(inherited)",
					"@executable_path/Frameworks",
					"@loader_path/Frameworks",
				);
				PRODUCT_BUNDLE_IDENTIFIER = "CIBL.flix-demoTests";
				PRODUCT_NAME = "$(TARGET_NAME)";
				SWIFT_VERSION = 4.0;
				TARGETED_DEVICE_FAMILY = "1,2";
				TEST_HOST = "$(BUILT_PRODUCTS_DIR)/flix_demo.app/flix_demo";
			};
			name = Release;
		};
		A3794F01214897B1003307E7 /* Debug */ = {
			isa = XCBuildConfiguration;
			baseConfigurationReference = A22948F38D2A9C1776352387 /* Pods-flix_demoUITests.debug.xcconfig */;
			buildSettings = {
				ALWAYS_EMBED_SWIFT_STANDARD_LIBRARIES = YES;
				CODE_SIGN_STYLE = Automatic;
				INFOPLIST_FILE = flix_demoUITests/Info.plist;
				LD_RUNPATH_SEARCH_PATHS = (
					"$(inherited)",
					"@executable_path/Frameworks",
					"@loader_path/Frameworks",
				);
				PRODUCT_BUNDLE_IDENTIFIER = "CIBL.flix-demoUITests";
				PRODUCT_NAME = "$(TARGET_NAME)";
				SWIFT_VERSION = 4.0;
				TARGETED_DEVICE_FAMILY = "1,2";
				TEST_TARGET_NAME = flix_demo;
			};
			name = Debug;
		};
		A3794F02214897B1003307E7 /* Release */ = {
			isa = XCBuildConfiguration;
			baseConfigurationReference = CC004AAD1AD70EB5E744EAFD /* Pods-flix_demoUITests.release.xcconfig */;
			buildSettings = {
				ALWAYS_EMBED_SWIFT_STANDARD_LIBRARIES = YES;
				CODE_SIGN_STYLE = Automatic;
				INFOPLIST_FILE = flix_demoUITests/Info.plist;
				LD_RUNPATH_SEARCH_PATHS = (
					"$(inherited)",
					"@executable_path/Frameworks",
					"@loader_path/Frameworks",
				);
				PRODUCT_BUNDLE_IDENTIFIER = "CIBL.flix-demoUITests";
				PRODUCT_NAME = "$(TARGET_NAME)";
				SWIFT_VERSION = 4.0;
				TARGETED_DEVICE_FAMILY = "1,2";
				TEST_TARGET_NAME = flix_demo;
			};
			name = Release;
		};
/* End XCBuildConfiguration section */

/* Begin XCConfigurationList section */
		A3794ECD214897B0003307E7 /* Build configuration list for PBXProject "flix_demo" */ = {
			isa = XCConfigurationList;
			buildConfigurations = (
				A3794EF8214897B1003307E7 /* Debug */,
				A3794EF9214897B1003307E7 /* Release */,
			);
			defaultConfigurationIsVisible = 0;
			defaultConfigurationName = Release;
		};
		A3794EFA214897B1003307E7 /* Build configuration list for PBXNativeTarget "flix_demo" */ = {
			isa = XCConfigurationList;
			buildConfigurations = (
				A3794EFB214897B1003307E7 /* Debug */,
				A3794EFC214897B1003307E7 /* Release */,
			);
			defaultConfigurationIsVisible = 0;
			defaultConfigurationName = Release;
		};
		A3794EFD214897B1003307E7 /* Build configuration list for PBXNativeTarget "flix_demoTests" */ = {
			isa = XCConfigurationList;
			buildConfigurations = (
				A3794EFE214897B1003307E7 /* Debug */,
				A3794EFF214897B1003307E7 /* Release */,
			);
			defaultConfigurationIsVisible = 0;
			defaultConfigurationName = Release;
		};
		A3794F00214897B1003307E7 /* Build configuration list for PBXNativeTarget "flix_demoUITests" */ = {
			isa = XCConfigurationList;
			buildConfigurations = (
				A3794F01214897B1003307E7 /* Debug */,
				A3794F02214897B1003307E7 /* Release */,
			);
			defaultConfigurationIsVisible = 0;
			defaultConfigurationName = Release;
		};
/* End XCConfigurationList section */
	};
	rootObject = A3794ECA214897B0003307E7 /* Project object */;
}
